
Microsoft Visual Studio Solution File, Format Version 12.00
# Visual Studio 2013
VisualStudioVersion = 12.0.21005.1
MinimumVisualStudioVersion = 10.0.40219.1
Project("{FAE04EC0-301F-11D3-BF4B-00C04F79EFBC}") = "EmlakOtomasyon", "EmlakOtomasyon\EmlakOtomasyon.csproj", "{7B6B8255-CDC0-48D7-B08E-A36497A1CB83}"
EndProject
Project("{FAE04EC0-301F-11D3-BF4B-00C04F79EFBC}") = "ClassLibrary", "ClassLibrary\ClassLibrary.csproj", "{2FFD1CDB-6052-4955-B390-EFC5B48F348A}"
EndProject
Global
	GlobalSection(SolutionConfigurationPlatforms) = preSolution
		Debug|Any CPU = Debug|Any CPU
		Release|Any CPU = Release|Any CPU
	EndGlobalSection
	GlobalSection(ProjectConfigurationPlatforms) = postSolution
		{7B6B8255-CDC0-48D7-B08E-A36497A1CB83}.Debug|Any CPU.ActiveCfg = Debug|Any CPU
		{7B6B8255-CDC0-48D7-B08E-A36497A1CB83}.Debug|Any CPU.Build.0 = Debug|Any CPU
		{7B6B8255-CDC0-48D7-B08E-A36497A1CB83}.Release|Any CPU.ActiveCfg = Release|Any CPU
		{7B6B8255-CDC0-48D7-B08E-A36497A1CB83}.Release|Any CPU.Build.0 = Release|Any CPU
		{2FFD1CDB-6052-4955-B390-EFC5B48F348A}.Debug|Any CPU.ActiveCfg = Debug|Any CPU
		{2FFD1CDB-6052-4955-B390-EFC5B48F348A}.Debug|Any CPU.Build.0 = Debug|Any CPU
		{2FFD1CDB-6052-4955-B390-EFC5B48F348A}.Release|Any CPU.ActiveCfg = Release|Any CPU
		{2FFD1CDB-6052-4955-B390-EFC5B48F348A}.Release|Any CPU.Build.0 = Release|Any CPU
	EndGlobalSection
	GlobalSection(SolutionProperties) = preSolution
		HideSolutionNode = FALSE
	EndGlobalSection
EndGlobal
